
Microsoft Visual Studio Solution File, Format Version 12.00
# Visual Studio Version 16
VisualStudioVersion = 16.0.29326.143
MinimumVisualStudioVersion = 10.0.40219.1
Project("{9A19103F-16F7-4668-BE54-9A1E7A4F7556}") = "Homory", "Homory\Homory.csproj", "{48501314-902B-41EF-817F-D842BF18746B}"
EndProject
Project("{FAE04EC0-301F-11D3-BF4B-00C04F79EFBC}") = "Homory.Web", "Homory.Web\Homory.Web.csproj", "{4A7D8EFB-06C3-4AEC-8144-55D25B8AA42A}"
EndProject
Global
	GlobalSection(SolutionConfigurationPlatforms) = preSolution
		Debug|Any CPU = Debug|Any CPU
		Release|Any CPU = Release|Any CPU
	EndGlobalSection
	GlobalSection(ProjectConfigurationPlatforms) = postSolution
		{48501314-902B-41EF-817F-D842BF18746B}.Debug|Any CPU.ActiveCfg = Debug|Any CPU
		{48501314-902B-41EF-817F-D842BF18746B}.Debug|Any CPU.Build.0 = Debug|Any CPU
		{48501314-902B-41EF-817F-D842BF18746B}.Release|Any CPU.ActiveCfg = Release|Any CPU
		{48501314-902B-41EF-817F-D842BF18746B}.Release|Any CPU.Build.0 = Release|Any CPU
		{4A7D8EFB-06C3-4AEC-8144-55D25B8AA42A}.Debug|Any CPU.ActiveCfg = Debug|Any CPU
		{4A7D8EFB-06C3-4AEC-8144-55D25B8AA42A}.Debug|Any CPU.Build.0 = Debug|Any CPU
		{4A7D8EFB-06C3-4AEC-8144-55D25B8AA42A}.Release|Any CPU.ActiveCfg = Release|Any CPU
		{4A7D8EFB-06C3-4AEC-8144-55D25B8AA42A}.Release|Any CPU.Build.0 = Release|Any CPU
	EndGlobalSection
	GlobalSection(SolutionProperties) = preSolution
		HideSolutionNode = FALSE
	EndGlobalSection
	GlobalSection(ExtensibilityGlobals) = postSolution
		SolutionGuid = {BF4909CB-18CB-4EDD-ABD0-9C874FFF4ABD}
	EndGlobalSection
EndGlobal
